
Microsoft Visual Studio Solution File, Format Version 12.00
# Visual Studio Version 17
VisualStudioVersion = 17.4.33213.308
MinimumVisualStudioVersion = 10.0.40219.1
Project("{9A19103F-16F7-4668-BE54-9A1E7A4F7556}") = "SitShopHome.API", "SitShopHome.API\SitShopHome.API.csproj", "{B185C68A-3D2D-49E9-8278-9A8642064DCB}"
EndProject
Project("{2150E333-8FDC-42A3-9474-1A3956D46DE8}") = "API", "API", "{1213FEDB-D99C-42B2-9A05-EBADF97C1706}"
EndProject
Project("{9A19103F-16F7-4668-BE54-9A1E7A4F7556}") = "Entities", "Entities\Entities.csproj", "{11C7FD80-2345-4976-9982-76F2116570D8}"
EndProject
Project("{9A19103F-16F7-4668-BE54-9A1E7A4F7556}") = "Repository", "Repository\Repository.csproj", "{AE7AA591-8349-4A78-B804-789169068546}"
EndProject
Project("{9A19103F-16F7-4668-BE54-9A1E7A4F7556}") = "Contracts", "Contracts\Contracts.csproj", "{81BF6247-68BF-4E87-9FEA-E8D05E9D5812}"
EndProject
Project("{9A19103F-16F7-4668-BE54-9A1E7A4F7556}") = "Shared", "Shared\Shared.csproj", "{ECCCC26E-0EB0-49DA-A1BB-8F1E8564E484}"
EndProject
Project("{9A19103F-16F7-4668-BE54-9A1E7A4F7556}") = "Service", "Service\Service.csproj", "{994628CD-DBBD-4E50-B34B-BC243101046A}"
EndProject
Project("{9A19103F-16F7-4668-BE54-9A1E7A4F7556}") = "Service.Contracts", "Service.Contracts\Service.Contracts.csproj", "{D96EB5BA-9989-41DC-AB7C-FF4EBCB25928}"
EndProject
Project("{9A19103F-16F7-4668-BE54-9A1E7A4F7556}") = "LoggerService", "LoggerService\LoggerService.csproj", "{41D11EA0-DBA4-4007-B311-E72CF204CFFA}"
EndProject
Project("{FAE04EC0-301F-11D3-BF4B-00C04F79EFBC}") = "SitShopHome.Api.Presentation", "SitShopHome.Api.Presentation\SitShopHome.Api.Presentation.csproj", "{6EECB347-15F4-45E9-929D-C6A1E2EDB7E2}"
EndProject
Project("{FAE04EC0-301F-11D3-BF4B-00C04F79EFBC}") = "SitShopHome.Web", "SitShopHome.Web\SitShopHome.Web.csproj", "{D2FC752D-76FF-409E-AAAD-9D1B35E0B6B6}"
EndProject
Project("{FAE04EC0-301F-11D3-BF4B-00C04F79EFBC}") = "JsonSendRequests", "JsonSendRequests\JsonSendRequests.csproj", "{CFBDEDCF-5C9C-4418-8E77-E2A8CFB131AE}"
EndProject
Project("{FAE04EC0-301F-11D3-BF4B-00C04F79EFBC}") = "JsonSendRequests.Contracts", "JsonSendRequests.Contracts\JsonSendRequests.Contracts.csproj", "{DEDB7ABA-9252-45BB-BB7C-FB949023A4A3}"
EndProject
Global
	GlobalSection(SolutionConfigurationPlatforms) = preSolution
		Debug|Any CPU = Debug|Any CPU
		Release|Any CPU = Release|Any CPU
	EndGlobalSection
	GlobalSection(ProjectConfigurationPlatforms) = postSolution
		{B185C68A-3D2D-49E9-8278-9A8642064DCB}.Debug|Any CPU.ActiveCfg = Debug|Any CPU
		{B185C68A-3D2D-49E9-8278-9A8642064DCB}.Debug|Any CPU.Build.0 = Debug|Any CPU
		{B185C68A-3D2D-49E9-8278-9A8642064DCB}.Release|Any CPU.ActiveCfg = Release|Any CPU
		{B185C68A-3D2D-49E9-8278-9A8642064DCB}.Release|Any CPU.Build.0 = Release|Any CPU
		{11C7FD80-2345-4976-9982-76F2116570D8}.Debug|Any CPU.ActiveCfg = Debug|Any CPU
		{11C7FD80-2345-4976-9982-76F2116570D8}.Debug|Any CPU.Build.0 = Debug|Any CPU
		{11C7FD80-2345-4976-9982-76F2116570D8}.Release|Any CPU.ActiveCfg = Release|Any CPU
		{11C7FD80-2345-4976-9982-76F2116570D8}.Release|Any CPU.Build.0 = Release|Any CPU
		{AE7AA591-8349-4A78-B804-789169068546}.Debug|Any CPU.ActiveCfg = Debug|Any CPU
		{AE7AA591-8349-4A78-B804-789169068546}.Debug|Any CPU.Build.0 = Debug|Any CPU
		{AE7AA591-8349-4A78-B804-789169068546}.Release|Any CPU.ActiveCfg = Release|Any CPU
		{AE7AA591-8349-4A78-B804-789169068546}.Release|Any CPU.Build.0 = Release|Any CPU
		{81BF6247-68BF-4E87-9FEA-E8D05E9D5812}.Debug|Any CPU.ActiveCfg = Debug|Any CPU
		{81BF6247-68BF-4E87-9FEA-E8D05E9D5812}.Debug|Any CPU.Build.0 = Debug|Any CPU
		{81BF6247-68BF-4E87-9FEA-E8D05E9D5812}.Release|Any CPU.ActiveCfg = Release|Any CPU
		{81BF6247-68BF-4E87-9FEA-E8D05E9D5812}.Release|Any CPU.Build.0 = Release|Any CPU
		{ECCCC26E-0EB0-49DA-A1BB-8F1E8564E484}.Debug|Any CPU.ActiveCfg = Debug|Any CPU
		{ECCCC26E-0EB0-49DA-A1BB-8F1E8564E484}.Debug|Any CPU.Build.0 = Debug|Any CPU
		{ECCCC26E-0EB0-49DA-A1BB-8F1E8564E484}.Release|Any CPU.ActiveCfg = Release|Any CPU
		{ECCCC26E-0EB0-49DA-A1BB-8F1E8564E484}.Release|Any CPU.Build.0 = Release|Any CPU
		{994628CD-DBBD-4E50-B34B-BC243101046A}.Debug|Any CPU.ActiveCfg = Debug|Any CPU
		{994628CD-DBBD-4E50-B34B-BC243101046A}.Debug|Any CPU.Build.0 = Debug|Any CPU
		{994628CD-DBBD-4E50-B34B-BC243101046A}.Release|Any CPU.ActiveCfg = Release|Any CPU
		{994628CD-DBBD-4E50-B34B-BC243101046A}.Release|Any CPU.Build.0 = Release|Any CPU
		{D96EB5BA-9989-41DC-AB7C-FF4EBCB25928}.Debug|Any CPU.ActiveCfg = Debug|Any CPU
		{D96EB5BA-9989-41DC-AB7C-FF4EBCB25928}.Debug|Any CPU.Build.0 = Debug|Any CPU
		{D96EB5BA-9989-41DC-AB7C-FF4EBCB25928}.Release|Any CPU.ActiveCfg = Release|Any CPU
		{D96EB5BA-9989-41DC-AB7C-FF4EBCB25928}.Release|Any CPU.Build.0 = Release|Any CPU
		{41D11EA0-DBA4-4007-B311-E72CF204CFFA}.Debug|Any CPU.ActiveCfg = Debug|Any CPU
		{41D11EA0-DBA4-4007-B311-E72CF204CFFA}.Debug|Any CPU.Build.0 = Debug|Any CPU
		{41D11EA0-DBA4-4007-B311-E72CF204CFFA}.Release|Any CPU.ActiveCfg = Release|Any CPU
		{41D11EA0-DBA4-4007-B311-E72CF204CFFA}.Release|Any CPU.Build.0 = Release|Any CPU
		{6EECB347-15F4-45E9-929D-C6A1E2EDB7E2}.Debug|Any CPU.ActiveCfg = Debug|Any CPU
		{6EECB347-15F4-45E9-929D-C6A1E2EDB7E2}.Debug|Any CPU.Build.0 = Debug|Any CPU
		{6EECB347-15F4-45E9-929D-C6A1E2EDB7E2}.Release|Any CPU.ActiveCfg = Release|Any CPU
		{6EECB347-15F4-45E9-929D-C6A1E2EDB7E2}.Release|Any CPU.Build.0 = Release|Any CPU
		{CFBDEDCF-5C9C-4418-8E77-E2A8CFB131AE}.Debug|Any CPU.ActiveCfg = Debug|Any CPU
		{CFBDEDCF-5C9C-4418-8E77-E2A8CFB131AE}.Debug|Any CPU.Build.0 = Debug|Any CPU
		{CFBDEDCF-5C9C-4418-8E77-E2A8CFB131AE}.Release|Any CPU.ActiveCfg = Release|Any CPU
		{CFBDEDCF-5C9C-4418-8E77-E2A8CFB131AE}.Release|Any CPU.Build.0 = Release|Any CPU
		{DEDB7ABA-9252-45BB-BB7C-FB949023A4A3}.Debug|Any CPU.ActiveCfg = Debug|Any CPU
		{DEDB7ABA-9252-45BB-BB7C-FB949023A4A3}.Debug|Any CPU.Build.0 = Debug|Any CPU
		{DEDB7ABA-9252-45BB-BB7C-FB949023A4A3}.Release|Any CPU.ActiveCfg = Release|Any CPU
		{DEDB7ABA-9252-45BB-BB7C-FB949023A4A3}.Release|Any CPU.Build.0 = Release|Any CPU
	EndGlobalSection
	GlobalSection(SolutionProperties) = preSolution
		HideSolutionNode = FALSE
	EndGlobalSection
	GlobalSection(NestedProjects) = preSolution
		{B185C68A-3D2D-49E9-8278-9A8642064DCB} = {1213FEDB-D99C-42B2-9A05-EBADF97C1706}
		{11C7FD80-2345-4976-9982-76F2116570D8} = {1213FEDB-D99C-42B2-9A05-EBADF97C1706}
		{AE7AA591-8349-4A78-B804-789169068546} = {1213FEDB-D99C-42B2-9A05-EBADF97C1706}
		{81BF6247-68BF-4E87-9FEA-E8D05E9D5812} = {1213FEDB-D99C-42B2-9A05-EBADF97C1706}
		{ECCCC26E-0EB0-49DA-A1BB-8F1E8564E484} = {1213FEDB-D99C-42B2-9A05-EBADF97C1706}
		{994628CD-DBBD-4E50-B34B-BC243101046A} = {1213FEDB-D99C-42B2-9A05-EBADF97C1706}
		{D96EB5BA-9989-41DC-AB7C-FF4EBCB25928} = {1213FEDB-D99C-42B2-9A05-EBADF97C1706}
		{41D11EA0-DBA4-4007-B311-E72CF204CFFA} = {1213FEDB-D99C-42B2-9A05-EBADF97C1706}
		{6EECB347-15F4-45E9-929D-C6A1E2EDB7E2} = {1213FEDB-D99C-42B2-9A05-EBADF97C1706}
	EndGlobalSection
	GlobalSection(ExtensibilityGlobals) = postSolution
		SolutionGuid = {E906C351-FAA8-4780-A71E-D6BB59AF0EAD}
	EndGlobalSection
EndGlobal
