
Microsoft Visual Studio Solution File, Format Version 12.00
# Visual Studio Version 17
VisualStudioVersion = 17.4.33213.308
MinimumVisualStudioVersion = 10.0.40219.1
Project("{FAE04EC0-301F-11D3-BF4B-00C04F79EFBC}") = "SitShopHome.API", "SitShopHome.API\SitShopHome.API.csproj", "{B185C68A-3D2D-49E9-8278-9A8642064DCB}"
EndProject
Project("{2150E333-8FDC-42A3-9474-1A3956D46DE8}") = "API", "API", "{1213FEDB-D99C-42B2-9A05-EBADF97C1706}"
EndProject
Project("{FAE04EC0-301F-11D3-BF4B-00C04F79EFBC}") = "Entities", "Entities\Entities.csproj", "{11C7FD80-2345-4976-9982-76F2116570D8}"
EndProject
Global
	GlobalSection(SolutionConfigurationPlatforms) = preSolution
		Debug|Any CPU = Debug|Any CPU
		Release|Any CPU = Release|Any CPU
	EndGlobalSection
	GlobalSection(ProjectConfigurationPlatforms) = postSolution
		{B185C68A-3D2D-49E9-8278-9A8642064DCB}.Debug|Any CPU.ActiveCfg = Debug|Any CPU
		{B185C68A-3D2D-49E9-8278-9A8642064DCB}.Debug|Any CPU.Build.0 = Debug|Any CPU
		{B185C68A-3D2D-49E9-8278-9A8642064DCB}.Release|Any CPU.ActiveCfg = Release|Any CPU
		{B185C68A-3D2D-49E9-8278-9A8642064DCB}.Release|Any CPU.Build.0 = Release|Any CPU
		{11C7FD80-2345-4976-9982-76F2116570D8}.Debug|Any CPU.ActiveCfg = Debug|Any CPU
		{11C7FD80-2345-4976-9982-76F2116570D8}.Debug|Any CPU.Build.0 = Debug|Any CPU
		{11C7FD80-2345-4976-9982-76F2116570D8}.Release|Any CPU.ActiveCfg = Release|Any CPU
		{11C7FD80-2345-4976-9982-76F2116570D8}.Release|Any CPU.Build.0 = Release|Any CPU
	EndGlobalSection
	GlobalSection(SolutionProperties) = preSolution
		HideSolutionNode = FALSE
	EndGlobalSection
	GlobalSection(NestedProjects) = preSolution
		{B185C68A-3D2D-49E9-8278-9A8642064DCB} = {1213FEDB-D99C-42B2-9A05-EBADF97C1706}
		{11C7FD80-2345-4976-9982-76F2116570D8} = {1213FEDB-D99C-42B2-9A05-EBADF97C1706}
	EndGlobalSection
	GlobalSection(ExtensibilityGlobals) = postSolution
		SolutionGuid = {E906C351-FAA8-4780-A71E-D6BB59AF0EAD}
	EndGlobalSection
EndGlobal
